
Microsoft Visual Studio Solution File, Format Version 12.00
# Visual Studio Version 16
VisualStudioVersion = 16.0.30503.244
MinimumVisualStudioVersion = 10.0.40219.1
Project("{FAE04EC0-301F-11D3-BF4B-00C04F79EFBC}") = "TP3", "TP3.csproj", "{AB9CDA97-2790-4BE2-A487-792A43D4D124}"
EndProject
Global
	GlobalSection(SolutionConfigurationPlatforms) = preSolution
		Debug|Any CPU = Debug|Any CPU
		Release|Any CPU = Release|Any CPU
	EndGlobalSection
	GlobalSection(ProjectConfigurationPlatforms) = postSolution
		{AB9CDA97-2790-4BE2-A487-792A43D4D124}.Debug|Any CPU.ActiveCfg = Debug|Any CPU
		{AB9CDA97-2790-4BE2-A487-792A43D4D124}.Debug|Any CPU.Build.0 = Debug|Any CPU
		{AB9CDA97-2790-4BE2-A487-792A43D4D124}.Release|Any CPU.ActiveCfg = Release|Any CPU
		{AB9CDA97-2790-4BE2-A487-792A43D4D124}.Release|Any CPU.Build.0 = Release|Any CPU
	EndGlobalSection
	GlobalSection(SolutionProperties) = preSolution
		HideSolutionNode = FALSE
	EndGlobalSection
	GlobalSection(ExtensibilityGlobals) = postSolution
		SolutionGuid = {2DF5BC62-30EC-4069-8787-1373F0303779}
	EndGlobalSection
EndGlobal
